
Microsoft Visual Studio Solution File, Format Version 12.00
# Visual Studio Version 16
VisualStudioVersion = 16.0.31702.278
MinimumVisualStudioVersion = 10.0.40219.1
Project("{FAE04EC0-301F-11D3-BF4B-00C04F79EFBC}") = "Hafıza Oyunu", "Hafıza Oyunu\Hafıza Oyunu.csproj", "{AA58635A-CA71-4DCC-BE60-192511F224C9}"
EndProject
Global
	GlobalSection(SolutionConfigurationPlatforms) = preSolution
		Debug|Any CPU = Debug|Any CPU
		Release|Any CPU = Release|Any CPU
	EndGlobalSection
	GlobalSection(ProjectConfigurationPlatforms) = postSolution
		{AA58635A-CA71-4DCC-BE60-192511F224C9}.Debug|Any CPU.ActiveCfg = Debug|Any CPU
		{AA58635A-CA71-4DCC-BE60-192511F224C9}.Debug|Any CPU.Build.0 = Debug|Any CPU
		{AA58635A-CA71-4DCC-BE60-192511F224C9}.Release|Any CPU.ActiveCfg = Release|Any CPU
		{AA58635A-CA71-4DCC-BE60-192511F224C9}.Release|Any CPU.Build.0 = Release|Any CPU
	EndGlobalSection
	GlobalSection(SolutionProperties) = preSolution
		HideSolutionNode = FALSE
	EndGlobalSection
	GlobalSection(ExtensibilityGlobals) = postSolution
		SolutionGuid = {9CED5004-7074-41A4-AFDC-CECA804AA9DF}
	EndGlobalSection
EndGlobal
